
Microsoft Visual Studio Solution File, Format Version 12.00
# Visual Studio 15
VisualStudioVersion = 15.0.27130.2036
MinimumVisualStudioVersion = 10.0.40219.1
Project("{FAE04EC0-301F-11D3-BF4B-00C04F79EFBC}") = "reviewBasics", "reviewBasics\reviewBasics.csproj", "{30D000E3-8F15-4BD6-871B-28D5F76ACCED}"
EndProject
Project("{FAE04EC0-301F-11D3-BF4B-00C04F79EFBC}") = "oopLab1", "oopLab1\oopLab1.csproj", "{6F0FCC51-7C14-4EB6-9B3E-097058857469}"
EndProject
Project("{FAE04EC0-301F-11D3-BF4B-00C04F79EFBC}") = "StringUdemy", "StringUdemy\StringUdemy.csproj", "{1EAD7805-5B2D-4C84-B0DF-8C4AB818804D}"
EndProject
Project("{2150E333-8FDC-42A3-9474-1A3956D46DE8}") = "String", "String", "{57E57667-5FBD-44ED-ACA4-740EF41857E6}"
EndProject
Project("{2150E333-8FDC-42A3-9474-1A3956D46DE8}") = "BasicReview", "BasicReview", "{B2C41458-2620-4AAF-B1F1-46B98F1006CF}"
EndProject
Project("{2150E333-8FDC-42A3-9474-1A3956D46DE8}") = "OOP-Uni_ex", "OOP-Uni_ex", "{C5655F6E-E810-499E-886A-C54278E3A605}"
EndProject
Project("{FAE04EC0-301F-11D3-BF4B-00C04F79EFBC}") = "StringBuilderUdemy", "StringBuilder\StringBuilderUdemy.csproj", "{05EF672B-F199-445D-998F-FF5DFCDA13CF}"
EndProject
Project("{FAE04EC0-301F-11D3-BF4B-00C04F79EFBC}") = "WorkingWithFiles", "WorkingWithFiles\WorkingWithFiles.csproj", "{A078F4DC-CD74-4F75-AE49-3273661B63B4}"
EndProject
Project("{2150E333-8FDC-42A3-9474-1A3956D46DE8}") = "Intermediate", "Intermediate", "{8D80E78D-0DEF-412B-BDEF-87B313D8CE71}"
EndProject
Project("{FAE04EC0-301F-11D3-BF4B-00C04F79EFBC}") = "WhyWeStatic", "InterAndAdvan\WhyWeStatic.csproj", "{7C89FAFD-68A9-4249-B187-C7EFF17AD050}"
EndProject
Project("{FAE04EC0-301F-11D3-BF4B-00C04F79EFBC}") = "ConstructorDemo", "ConstructorDemo\ConstructorDemo.csproj", "{44D20502-AC25-43BF-A1D4-4EBA230231BF}"
EndProject
Project("{FAE04EC0-301F-11D3-BF4B-00C04F79EFBC}") = "ObjectReferenceTypeThatChangesValue", "ObjectInitializers\ObjectReferenceTypeThatChangesValue.csproj", "{FD20CE87-F0F1-4B85-A16F-46B024BEE0A8}"
EndProject
Project("{FAE04EC0-301F-11D3-BF4B-00C04F79EFBC}") = "MethodAdvancedStuffs", "MethodAdvancedStuffs\MethodAdvancedStuffs.csproj", "{360E24B7-D0B0-4657-A9CB-99B89FD6EB05}"
EndProject
Project("{FAE04EC0-301F-11D3-BF4B-00C04F79EFBC}") = "PropertyWhyWeUSe", "FieldDemo\PropertyWhyWeUSe.csproj", "{BCDEE38D-7D14-4B14-A514-0F383A373BB6}"
EndProject
Project("{FAE04EC0-301F-11D3-BF4B-00C04F79EFBC}") = "IndexerDemo", "IndexerDemo\IndexerDemo.csproj", "{789A5FB7-54CF-47E0-88CA-B5E6546A8737}"
EndProject
Project("{2150E333-8FDC-42A3-9474-1A3956D46DE8}") = "exercise", "exercise", "{51533E7D-4AC1-49BF-A6BE-B85662DCC642}"
EndProject
Project("{FAE04EC0-301F-11D3-BF4B-00C04F79EFBC}") = "StopWatch", "StopWatch\StopWatch.csproj", "{A4345C4F-895B-4551-94F5-F094CE26A46D}"
EndProject
Project("{FAE04EC0-301F-11D3-BF4B-00C04F79EFBC}") = "StackOverFlow", "StackOverFlow\StackOverFlow.csproj", "{141C01BA-B041-49AB-A8EA-A03853E33593}"
EndProject
Project("{FAE04EC0-301F-11D3-BF4B-00C04F79EFBC}") = "Composition", "Composition\Composition.csproj", "{E2573BDE-881C-4CA5-8888-389D34E839F4}"
EndProject
Project("{FAE04EC0-301F-11D3-BF4B-00C04F79EFBC}") = "OOP-2", "OOP-2\OOP-2.csproj", "{EFBB97C7-05FD-4BD1-A274-767B60D90B5C}"
EndProject
Project("{FAE04EC0-301F-11D3-BF4B-00C04F79EFBC}") = "StackDesign", "StackDesign\StackDesign.csproj", "{260BFE2E-4FE2-47B3-8C4C-D787D9037ACE}"
EndProject
Project("{FAE04EC0-301F-11D3-BF4B-00C04F79EFBC}") = "ThreadDemo", "oop-lab3\ThreadDemo.csproj", "{078FD8B7-AE84-4EA6-963B-EC3DDBBD34BE}"
EndProject
Project("{2150E333-8FDC-42A3-9474-1A3956D46DE8}") = "SS", "SS", "{43855F18-3268-4308-BC5D-B9CDD5B07620}"
EndProject
Project("{FAE04EC0-301F-11D3-BF4B-00C04F79EFBC}") = "OneDochirnihPotok", "ThreadDemo1\OneDochirnihPotok.csproj", "{E8064302-545C-4ADC-810B-7D2448B6A122}"
EndProject
Project("{FAE04EC0-301F-11D3-BF4B-00C04F79EFBC}") = "3dochirnihPotok", "3dochirnihPotok\3dochirnihPotok.csproj", "{E6E778B0-C176-44DA-8361-7D114C0DD103}"
EndProject
Project("{FAE04EC0-301F-11D3-BF4B-00C04F79EFBC}") = "MethodOverridingPolymorphism", "MethodOverriding\MethodOverridingPolymorphism.csproj", "{A42B3196-83AF-4ECB-A8D8-726352055762}"
EndProject
Project("{FAE04EC0-301F-11D3-BF4B-00C04F79EFBC}") = "AbstractWhyWeUse", "AbstractWhyWeUse\AbstractWhyWeUse.csproj", "{77D01BDC-3C71-4263-9BF0-DD5E9C547C19}"
EndProject
Project("{FAE04EC0-301F-11D3-BF4B-00C04F79EFBC}") = "DesignDBConnection", "DesignDBConnection\DesignDBConnection.csproj", "{E972B666-F5E8-450D-A7CA-8AC7F4FD15A9}"
EndProject
Project("{FAE04EC0-301F-11D3-BF4B-00C04F79EFBC}") = "InterfaceDemo", "InterfaceDemo\InterfaceDemo.csproj", "{25CD4F4C-9073-4897-BB00-ED2A3B07504C}"
EndProject
Project("{2150E333-8FDC-42A3-9474-1A3956D46DE8}") = "Intermediate", "Intermediate", "{75FB8D1E-8A87-49C6-82C8-32EC312D63F9}"
EndProject
Project("{2150E333-8FDC-42A3-9474-1A3956D46DE8}") = "InterfaceAndUnitTest", "InterfaceAndUnitTest", "{408BBFD3-A38C-4436-AE7C-D6561BE89CD3}"
EndProject
Project("{FAE04EC0-301F-11D3-BF4B-00C04F79EFBC}") = "InterfaceDemo.UnitTest", "InterfaceDemo.UnitTest\InterfaceDemo.UnitTest.csproj", "{557529CA-BB52-4F8A-87C4-3BFA221EA91D}"
EndProject
Project("{FAE04EC0-301F-11D3-BF4B-00C04F79EFBC}") = "InterfaceAndExtend", "InterfaceAndExtend\InterfaceAndExtend.csproj", "{B981426F-9733-47BC-ABCE-AE49C4DE08ED}"
EndProject
Project("{2150E333-8FDC-42A3-9474-1A3956D46DE8}") = "Interface", "Interface", "{8E917C26-8FAE-44E3-A300-31DBA2FC69C1}"
EndProject
Project("{FAE04EC0-301F-11D3-BF4B-00C04F79EFBC}") = "InterfaceAndPolymorphism", "InterfaceAndPolymorphism\InterfaceAndPolymorphism.csproj", "{EEB76D2B-D93E-4F22-BF1B-E94BAD4009EF}"
EndProject
Project("{2150E333-8FDC-42A3-9474-1A3956D46DE8}") = "Advanced", "Advanced", "{C6A01724-FC15-4F75-AA79-720862639033}"
EndProject
Project("{FAE04EC0-301F-11D3-BF4B-00C04F79EFBC}") = "lab3", "lab3\lab3.csproj", "{A532D48A-1FE0-4365-9575-7465A5FAD5E0}"
EndProject
Project("{FAE04EC0-301F-11D3-BF4B-00C04F79EFBC}") = "GenericsDemo", "Generics\GenericsDemo.csproj", "{409ED078-0026-4103-B8E2-95FFC7C6FE3A}"
EndProject
Project("{FAE04EC0-301F-11D3-BF4B-00C04F79EFBC}") = "DelagateDemo", "DelagateDemo\DelagateDemo.csproj", "{6A2804A7-7AA3-4D24-8A43-EDAA14A3B41A}"
EndProject
Project("{FAE04EC0-301F-11D3-BF4B-00C04F79EFBC}") = "DelagateActionFunc", "DelagateActionFunc\DelagateActionFunc.csproj", "{67C6A09D-98B2-44B3-A5A0-861BA73F2383}"
EndProject
Project("{FAE04EC0-301F-11D3-BF4B-00C04F79EFBC}") = "LambdaExpressionFuncDelegate", "LambdaExpressionDemo\LambdaExpressionFuncDelegate.csproj", "{BF5C76D4-56E5-4D24-BF38-4ED3B0DB98B2}"
EndProject
Project("{FAE04EC0-301F-11D3-BF4B-00C04F79EFBC}") = "EventAndDelegateDemo", "EventAndDelegateDemo\EventAndDelegateDemo.csproj", "{D03C74BE-8434-49B9-9392-1FAA09E2CB7E}"
EndProject
Project("{FAE04EC0-301F-11D3-BF4B-00C04F79EFBC}") = "lab4", "lab4\lab4.csproj", "{BF1395D1-1F18-41C9-87E6-E9F3FA32F994}"
EndProject
Project("{FAE04EC0-301F-11D3-BF4B-00C04F79EFBC}") = "MethodExtensionIEnumerableEx", "EventAndDelegateDemo2\MethodExtensionIEnumerableEx.csproj", "{2D1A74BD-176E-4AC6-AAA7-2D837F506ED0}"
EndProject
Project("{FAE04EC0-301F-11D3-BF4B-00C04F79EFBC}") = "LINQDemo", "LINQDemo\LINQDemo.csproj", "{33249546-739C-4B0D-8965-5D08330C31B3}"
EndProject
Project("{FAE04EC0-301F-11D3-BF4B-00C04F79EFBC}") = "NullAbleDemo", "NullAbleDemo\NullAbleDemo.csproj", "{9883852A-FA34-46F5-9E44-1CFF9B347203}"
EndProject
Project("{FAE04EC0-301F-11D3-BF4B-00C04F79EFBC}") = "ExceptionHandling", "ExceptionHandling\ExceptionHandling.csproj", "{F74EC497-0DDF-4DE6-B29C-2C1F4CF738B5}"
EndProject
Project("{2150E333-8FDC-42A3-9474-1A3956D46DE8}") = "Exception", "Exception", "{34725EF1-B3B4-441C-BF83-91C53589E810}"
EndProject
Project("{FAE04EC0-301F-11D3-BF4B-00C04F79EFBC}") = "CustumExceptionHandling", "CustumExceptionHandling\CustumExceptionHandling.csproj", "{10384782-D6CC-4CEB-BC72-E89A3A834F15}"
EndProject
Project("{FAE04EC0-301F-11D3-BF4B-00C04F79EFBC}") = "SSlab4", "SSlab4\SSlab4.csproj", "{F5922247-9431-4A8E-AB40-0EB770178795}"
EndProject
Project("{FAE04EC0-301F-11D3-BF4B-00C04F79EFBC}") = "Employee", "Employee\Employee.csproj", "{27D58D9C-D596-4766-9C99-C16B2F579DC0}"
EndProject
Global
	GlobalSection(SolutionConfigurationPlatforms) = preSolution
		Debug|Any CPU = Debug|Any CPU
		Release|Any CPU = Release|Any CPU
	EndGlobalSection
	GlobalSection(ProjectConfigurationPlatforms) = postSolution
		{30D000E3-8F15-4BD6-871B-28D5F76ACCED}.Debug|Any CPU.ActiveCfg = Debug|Any CPU
		{30D000E3-8F15-4BD6-871B-28D5F76ACCED}.Debug|Any CPU.Build.0 = Debug|Any CPU
		{30D000E3-8F15-4BD6-871B-28D5F76ACCED}.Release|Any CPU.ActiveCfg = Release|Any CPU
		{30D000E3-8F15-4BD6-871B-28D5F76ACCED}.Release|Any CPU.Build.0 = Release|Any CPU
		{6F0FCC51-7C14-4EB6-9B3E-097058857469}.Debug|Any CPU.ActiveCfg = Debug|Any CPU
		{6F0FCC51-7C14-4EB6-9B3E-097058857469}.Debug|Any CPU.Build.0 = Debug|Any CPU
		{6F0FCC51-7C14-4EB6-9B3E-097058857469}.Release|Any CPU.ActiveCfg = Release|Any CPU
		{6F0FCC51-7C14-4EB6-9B3E-097058857469}.Release|Any CPU.Build.0 = Release|Any CPU
		{1EAD7805-5B2D-4C84-B0DF-8C4AB818804D}.Debug|Any CPU.ActiveCfg = Debug|Any CPU
		{1EAD7805-5B2D-4C84-B0DF-8C4AB818804D}.Debug|Any CPU.Build.0 = Debug|Any CPU
		{1EAD7805-5B2D-4C84-B0DF-8C4AB818804D}.Release|Any CPU.ActiveCfg = Release|Any CPU
		{1EAD7805-5B2D-4C84-B0DF-8C4AB818804D}.Release|Any CPU.Build.0 = Release|Any CPU
		{05EF672B-F199-445D-998F-FF5DFCDA13CF}.Debug|Any CPU.ActiveCfg = Debug|Any CPU
		{05EF672B-F199-445D-998F-FF5DFCDA13CF}.Debug|Any CPU.Build.0 = Debug|Any CPU
		{05EF672B-F199-445D-998F-FF5DFCDA13CF}.Release|Any CPU.ActiveCfg = Release|Any CPU
		{05EF672B-F199-445D-998F-FF5DFCDA13CF}.Release|Any CPU.Build.0 = Release|Any CPU
		{A078F4DC-CD74-4F75-AE49-3273661B63B4}.Debug|Any CPU.ActiveCfg = Debug|Any CPU
		{A078F4DC-CD74-4F75-AE49-3273661B63B4}.Debug|Any CPU.Build.0 = Debug|Any CPU
		{A078F4DC-CD74-4F75-AE49-3273661B63B4}.Release|Any CPU.ActiveCfg = Release|Any CPU
		{A078F4DC-CD74-4F75-AE49-3273661B63B4}.Release|Any CPU.Build.0 = Release|Any CPU
		{7C89FAFD-68A9-4249-B187-C7EFF17AD050}.Debug|Any CPU.ActiveCfg = Debug|Any CPU
		{7C89FAFD-68A9-4249-B187-C7EFF17AD050}.Debug|Any CPU.Build.0 = Debug|Any CPU
		{7C89FAFD-68A9-4249-B187-C7EFF17AD050}.Release|Any CPU.ActiveCfg = Release|Any CPU
		{7C89FAFD-68A9-4249-B187-C7EFF17AD050}.Release|Any CPU.Build.0 = Release|Any CPU
		{44D20502-AC25-43BF-A1D4-4EBA230231BF}.Debug|Any CPU.ActiveCfg = Debug|Any CPU
		{44D20502-AC25-43BF-A1D4-4EBA230231BF}.Debug|Any CPU.Build.0 = Debug|Any CPU
		{44D20502-AC25-43BF-A1D4-4EBA230231BF}.Release|Any CPU.ActiveCfg = Release|Any CPU
		{44D20502-AC25-43BF-A1D4-4EBA230231BF}.Release|Any CPU.Build.0 = Release|Any CPU
		{FD20CE87-F0F1-4B85-A16F-46B024BEE0A8}.Debug|Any CPU.ActiveCfg = Debug|Any CPU
		{FD20CE87-F0F1-4B85-A16F-46B024BEE0A8}.Debug|Any CPU.Build.0 = Debug|Any CPU
		{FD20CE87-F0F1-4B85-A16F-46B024BEE0A8}.Release|Any CPU.ActiveCfg = Release|Any CPU
		{FD20CE87-F0F1-4B85-A16F-46B024BEE0A8}.Release|Any CPU.Build.0 = Release|Any CPU
		{360E24B7-D0B0-4657-A9CB-99B89FD6EB05}.Debug|Any CPU.ActiveCfg = Debug|Any CPU
		{360E24B7-D0B0-4657-A9CB-99B89FD6EB05}.Debug|Any CPU.Build.0 = Debug|Any CPU
		{360E24B7-D0B0-4657-A9CB-99B89FD6EB05}.Release|Any CPU.ActiveCfg = Release|Any CPU
		{360E24B7-D0B0-4657-A9CB-99B89FD6EB05}.Release|Any CPU.Build.0 = Release|Any CPU
		{BCDEE38D-7D14-4B14-A514-0F383A373BB6}.Debug|Any CPU.ActiveCfg = Debug|Any CPU
		{BCDEE38D-7D14-4B14-A514-0F383A373BB6}.Debug|Any CPU.Build.0 = Debug|Any CPU
		{BCDEE38D-7D14-4B14-A514-0F383A373BB6}.Release|Any CPU.ActiveCfg = Release|Any CPU
		{BCDEE38D-7D14-4B14-A514-0F383A373BB6}.Release|Any CPU.Build.0 = Release|Any CPU
		{789A5FB7-54CF-47E0-88CA-B5E6546A8737}.Debug|Any CPU.ActiveCfg = Debug|Any CPU
		{789A5FB7-54CF-47E0-88CA-B5E6546A8737}.Debug|Any CPU.Build.0 = Debug|Any CPU
		{789A5FB7-54CF-47E0-88CA-B5E6546A8737}.Release|Any CPU.ActiveCfg = Release|Any CPU
		{789A5FB7-54CF-47E0-88CA-B5E6546A8737}.Release|Any CPU.Build.0 = Release|Any CPU
		{A4345C4F-895B-4551-94F5-F094CE26A46D}.Debug|Any CPU.ActiveCfg = Debug|Any CPU
		{A4345C4F-895B-4551-94F5-F094CE26A46D}.Debug|Any CPU.Build.0 = Debug|Any CPU
		{A4345C4F-895B-4551-94F5-F094CE26A46D}.Release|Any CPU.ActiveCfg = Release|Any CPU
		{A4345C4F-895B-4551-94F5-F094CE26A46D}.Release|Any CPU.Build.0 = Release|Any CPU
		{141C01BA-B041-49AB-A8EA-A03853E33593}.Debug|Any CPU.ActiveCfg = Debug|Any CPU
		{141C01BA-B041-49AB-A8EA-A03853E33593}.Debug|Any CPU.Build.0 = Debug|Any CPU
		{141C01BA-B041-49AB-A8EA-A03853E33593}.Release|Any CPU.ActiveCfg = Release|Any CPU
		{141C01BA-B041-49AB-A8EA-A03853E33593}.Release|Any CPU.Build.0 = Release|Any CPU
		{E2573BDE-881C-4CA5-8888-389D34E839F4}.Debug|Any CPU.ActiveCfg = Debug|Any CPU
		{E2573BDE-881C-4CA5-8888-389D34E839F4}.Debug|Any CPU.Build.0 = Debug|Any CPU
		{E2573BDE-881C-4CA5-8888-389D34E839F4}.Release|Any CPU.ActiveCfg = Release|Any CPU
		{E2573BDE-881C-4CA5-8888-389D34E839F4}.Release|Any CPU.Build.0 = Release|Any CPU
		{EFBB97C7-05FD-4BD1-A274-767B60D90B5C}.Debug|Any CPU.ActiveCfg = Debug|Any CPU
		{EFBB97C7-05FD-4BD1-A274-767B60D90B5C}.Debug|Any CPU.Build.0 = Debug|Any CPU
		{EFBB97C7-05FD-4BD1-A274-767B60D90B5C}.Release|Any CPU.ActiveCfg = Release|Any CPU
		{EFBB97C7-05FD-4BD1-A274-767B60D90B5C}.Release|Any CPU.Build.0 = Release|Any CPU
		{260BFE2E-4FE2-47B3-8C4C-D787D9037ACE}.Debug|Any CPU.ActiveCfg = Debug|Any CPU
		{260BFE2E-4FE2-47B3-8C4C-D787D9037ACE}.Debug|Any CPU.Build.0 = Debug|Any CPU
		{260BFE2E-4FE2-47B3-8C4C-D787D9037ACE}.Release|Any CPU.ActiveCfg = Release|Any CPU
		{260BFE2E-4FE2-47B3-8C4C-D787D9037ACE}.Release|Any CPU.Build.0 = Release|Any CPU
		{078FD8B7-AE84-4EA6-963B-EC3DDBBD34BE}.Debug|Any CPU.ActiveCfg = Debug|Any CPU
		{078FD8B7-AE84-4EA6-963B-EC3DDBBD34BE}.Debug|Any CPU.Build.0 = Debug|Any CPU
		{078FD8B7-AE84-4EA6-963B-EC3DDBBD34BE}.Release|Any CPU.ActiveCfg = Release|Any CPU
		{078FD8B7-AE84-4EA6-963B-EC3DDBBD34BE}.Release|Any CPU.Build.0 = Release|Any CPU
		{E8064302-545C-4ADC-810B-7D2448B6A122}.Debug|Any CPU.ActiveCfg = Debug|Any CPU
		{E8064302-545C-4ADC-810B-7D2448B6A122}.Debug|Any CPU.Build.0 = Debug|Any CPU
		{E8064302-545C-4ADC-810B-7D2448B6A122}.Release|Any CPU.ActiveCfg = Release|Any CPU
		{E8064302-545C-4ADC-810B-7D2448B6A122}.Release|Any CPU.Build.0 = Release|Any CPU
		{E6E778B0-C176-44DA-8361-7D114C0DD103}.Debug|Any CPU.ActiveCfg = Debug|Any CPU
		{E6E778B0-C176-44DA-8361-7D114C0DD103}.Debug|Any CPU.Build.0 = Debug|Any CPU
		{E6E778B0-C176-44DA-8361-7D114C0DD103}.Release|Any CPU.ActiveCfg = Release|Any CPU
		{E6E778B0-C176-44DA-8361-7D114C0DD103}.Release|Any CPU.Build.0 = Release|Any CPU
		{A42B3196-83AF-4ECB-A8D8-726352055762}.Debug|Any CPU.ActiveCfg = Debug|Any CPU
		{A42B3196-83AF-4ECB-A8D8-726352055762}.Debug|Any CPU.Build.0 = Debug|Any CPU
		{A42B3196-83AF-4ECB-A8D8-726352055762}.Release|Any CPU.ActiveCfg = Release|Any CPU
		{A42B3196-83AF-4ECB-A8D8-726352055762}.Release|Any CPU.Build.0 = Release|Any CPU
		{77D01BDC-3C71-4263-9BF0-DD5E9C547C19}.Debug|Any CPU.ActiveCfg = Debug|Any CPU
		{77D01BDC-3C71-4263-9BF0-DD5E9C547C19}.Debug|Any CPU.Build.0 = Debug|Any CPU
		{77D01BDC-3C71-4263-9BF0-DD5E9C547C19}.Release|Any CPU.ActiveCfg = Release|Any CPU
		{77D01BDC-3C71-4263-9BF0-DD5E9C547C19}.Release|Any CPU.Build.0 = Release|Any CPU
		{E972B666-F5E8-450D-A7CA-8AC7F4FD15A9}.Debug|Any CPU.ActiveCfg = Debug|Any CPU
		{E972B666-F5E8-450D-A7CA-8AC7F4FD15A9}.Debug|Any CPU.Build.0 = Debug|Any CPU
		{E972B666-F5E8-450D-A7CA-8AC7F4FD15A9}.Release|Any CPU.ActiveCfg = Release|Any CPU
		{E972B666-F5E8-450D-A7CA-8AC7F4FD15A9}.Release|Any CPU.Build.0 = Release|Any CPU
		{25CD4F4C-9073-4897-BB00-ED2A3B07504C}.Debug|Any CPU.ActiveCfg = Debug|Any CPU
		{25CD4F4C-9073-4897-BB00-ED2A3B07504C}.Debug|Any CPU.Build.0 = Debug|Any CPU
		{25CD4F4C-9073-4897-BB00-ED2A3B07504C}.Release|Any CPU.ActiveCfg = Release|Any CPU
		{25CD4F4C-9073-4897-BB00-ED2A3B07504C}.Release|Any CPU.Build.0 = Release|Any CPU
		{557529CA-BB52-4F8A-87C4-3BFA221EA91D}.Debug|Any CPU.ActiveCfg = Debug|Any CPU
		{557529CA-BB52-4F8A-87C4-3BFA221EA91D}.Debug|Any CPU.Build.0 = Debug|Any CPU
		{557529CA-BB52-4F8A-87C4-3BFA221EA91D}.Release|Any CPU.ActiveCfg = Release|Any CPU
		{557529CA-BB52-4F8A-87C4-3BFA221EA91D}.Release|Any CPU.Build.0 = Release|Any CPU
		{B981426F-9733-47BC-ABCE-AE49C4DE08ED}.Debug|Any CPU.ActiveCfg = Debug|Any CPU
		{B981426F-9733-47BC-ABCE-AE49C4DE08ED}.Debug|Any CPU.Build.0 = Debug|Any CPU
		{B981426F-9733-47BC-ABCE-AE49C4DE08ED}.Release|Any CPU.ActiveCfg = Release|Any CPU
		{B981426F-9733-47BC-ABCE-AE49C4DE08ED}.Release|Any CPU.Build.0 = Release|Any CPU
		{EEB76D2B-D93E-4F22-BF1B-E94BAD4009EF}.Debug|Any CPU.ActiveCfg = Debug|Any CPU
		{EEB76D2B-D93E-4F22-BF1B-E94BAD4009EF}.Debug|Any CPU.Build.0 = Debug|Any CPU
		{EEB76D2B-D93E-4F22-BF1B-E94BAD4009EF}.Release|Any CPU.ActiveCfg = Release|Any CPU
		{EEB76D2B-D93E-4F22-BF1B-E94BAD4009EF}.Release|Any CPU.Build.0 = Release|Any CPU
		{A532D48A-1FE0-4365-9575-7465A5FAD5E0}.Debug|Any CPU.ActiveCfg = Debug|Any CPU
		{A532D48A-1FE0-4365-9575-7465A5FAD5E0}.Debug|Any CPU.Build.0 = Debug|Any CPU
		{A532D48A-1FE0-4365-9575-7465A5FAD5E0}.Release|Any CPU.ActiveCfg = Release|Any CPU
		{A532D48A-1FE0-4365-9575-7465A5FAD5E0}.Release|Any CPU.Build.0 = Release|Any CPU
		{409ED078-0026-4103-B8E2-95FFC7C6FE3A}.Debug|Any CPU.ActiveCfg = Debug|Any CPU
		{409ED078-0026-4103-B8E2-95FFC7C6FE3A}.Debug|Any CPU.Build.0 = Debug|Any CPU
		{409ED078-0026-4103-B8E2-95FFC7C6FE3A}.Release|Any CPU.ActiveCfg = Release|Any CPU
		{409ED078-0026-4103-B8E2-95FFC7C6FE3A}.Release|Any CPU.Build.0 = Release|Any CPU
		{6A2804A7-7AA3-4D24-8A43-EDAA14A3B41A}.Debug|Any CPU.ActiveCfg = Debug|Any CPU
		{6A2804A7-7AA3-4D24-8A43-EDAA14A3B41A}.Debug|Any CPU.Build.0 = Debug|Any CPU
		{6A2804A7-7AA3-4D24-8A43-EDAA14A3B41A}.Release|Any CPU.ActiveCfg = Release|Any CPU
		{6A2804A7-7AA3-4D24-8A43-EDAA14A3B41A}.Release|Any CPU.Build.0 = Release|Any CPU
		{67C6A09D-98B2-44B3-A5A0-861BA73F2383}.Debug|Any CPU.ActiveCfg = Debug|Any CPU
		{67C6A09D-98B2-44B3-A5A0-861BA73F2383}.Debug|Any CPU.Build.0 = Debug|Any CPU
		{67C6A09D-98B2-44B3-A5A0-861BA73F2383}.Release|Any CPU.ActiveCfg = Release|Any CPU
		{67C6A09D-98B2-44B3-A5A0-861BA73F2383}.Release|Any CPU.Build.0 = Release|Any CPU
		{BF5C76D4-56E5-4D24-BF38-4ED3B0DB98B2}.Debug|Any CPU.ActiveCfg = Debug|Any CPU
		{BF5C76D4-56E5-4D24-BF38-4ED3B0DB98B2}.Debug|Any CPU.Build.0 = Debug|Any CPU
		{BF5C76D4-56E5-4D24-BF38-4ED3B0DB98B2}.Release|Any CPU.ActiveCfg = Release|Any CPU
		{BF5C76D4-56E5-4D24-BF38-4ED3B0DB98B2}.Release|Any CPU.Build.0 = Release|Any CPU
		{D03C74BE-8434-49B9-9392-1FAA09E2CB7E}.Debug|Any CPU.ActiveCfg = Debug|Any CPU
		{D03C74BE-8434-49B9-9392-1FAA09E2CB7E}.Debug|Any CPU.Build.0 = Debug|Any CPU
		{D03C74BE-8434-49B9-9392-1FAA09E2CB7E}.Release|Any CPU.ActiveCfg = Release|Any CPU
		{D03C74BE-8434-49B9-9392-1FAA09E2CB7E}.Release|Any CPU.Build.0 = Release|Any CPU
		{BF1395D1-1F18-41C9-87E6-E9F3FA32F994}.Debug|Any CPU.ActiveCfg = Debug|Any CPU
		{BF1395D1-1F18-41C9-87E6-E9F3FA32F994}.Debug|Any CPU.Build.0 = Debug|Any CPU
		{BF1395D1-1F18-41C9-87E6-E9F3FA32F994}.Release|Any CPU.ActiveCfg = Release|Any CPU
		{BF1395D1-1F18-41C9-87E6-E9F3FA32F994}.Release|Any CPU.Build.0 = Release|Any CPU
		{2D1A74BD-176E-4AC6-AAA7-2D837F506ED0}.Debug|Any CPU.ActiveCfg = Debug|Any CPU
		{2D1A74BD-176E-4AC6-AAA7-2D837F506ED0}.Debug|Any CPU.Build.0 = Debug|Any CPU
		{2D1A74BD-176E-4AC6-AAA7-2D837F506ED0}.Release|Any CPU.ActiveCfg = Release|Any CPU
		{2D1A74BD-176E-4AC6-AAA7-2D837F506ED0}.Release|Any CPU.Build.0 = Release|Any CPU
		{33249546-739C-4B0D-8965-5D08330C31B3}.Debug|Any CPU.ActiveCfg = Debug|Any CPU
		{33249546-739C-4B0D-8965-5D08330C31B3}.Debug|Any CPU.Build.0 = Debug|Any CPU
		{33249546-739C-4B0D-8965-5D08330C31B3}.Release|Any CPU.ActiveCfg = Release|Any CPU
		{33249546-739C-4B0D-8965-5D08330C31B3}.Release|Any CPU.Build.0 = Release|Any CPU
		{9883852A-FA34-46F5-9E44-1CFF9B347203}.Debug|Any CPU.ActiveCfg = Debug|Any CPU
		{9883852A-FA34-46F5-9E44-1CFF9B347203}.Debug|Any CPU.Build.0 = Debug|Any CPU
		{9883852A-FA34-46F5-9E44-1CFF9B347203}.Release|Any CPU.ActiveCfg = Release|Any CPU
		{9883852A-FA34-46F5-9E44-1CFF9B347203}.Release|Any CPU.Build.0 = Release|Any CPU
		{F74EC497-0DDF-4DE6-B29C-2C1F4CF738B5}.Debug|Any CPU.ActiveCfg = Debug|Any CPU
		{F74EC497-0DDF-4DE6-B29C-2C1F4CF738B5}.Debug|Any CPU.Build.0 = Debug|Any CPU
		{F74EC497-0DDF-4DE6-B29C-2C1F4CF738B5}.Release|Any CPU.ActiveCfg = Release|Any CPU
		{F74EC497-0DDF-4DE6-B29C-2C1F4CF738B5}.Release|Any CPU.Build.0 = Release|Any CPU
		{10384782-D6CC-4CEB-BC72-E89A3A834F15}.Debug|Any CPU.ActiveCfg = Debug|Any CPU
		{10384782-D6CC-4CEB-BC72-E89A3A834F15}.Debug|Any CPU.Build.0 = Debug|Any CPU
		{10384782-D6CC-4CEB-BC72-E89A3A834F15}.Release|Any CPU.ActiveCfg = Release|Any CPU
		{10384782-D6CC-4CEB-BC72-E89A3A834F15}.Release|Any CPU.Build.0 = Release|Any CPU
		{F5922247-9431-4A8E-AB40-0EB770178795}.Debug|Any CPU.ActiveCfg = Debug|Any CPU
		{F5922247-9431-4A8E-AB40-0EB770178795}.Debug|Any CPU.Build.0 = Debug|Any CPU
		{F5922247-9431-4A8E-AB40-0EB770178795}.Release|Any CPU.ActiveCfg = Release|Any CPU
		{F5922247-9431-4A8E-AB40-0EB770178795}.Release|Any CPU.Build.0 = Release|Any CPU
		{27D58D9C-D596-4766-9C99-C16B2F579DC0}.Debug|Any CPU.ActiveCfg = Debug|Any CPU
		{27D58D9C-D596-4766-9C99-C16B2F579DC0}.Debug|Any CPU.Build.0 = Debug|Any CPU
		{27D58D9C-D596-4766-9C99-C16B2F579DC0}.Release|Any CPU.ActiveCfg = Release|Any CPU
		{27D58D9C-D596-4766-9C99-C16B2F579DC0}.Release|Any CPU.Build.0 = Release|Any CPU
	EndGlobalSection
	GlobalSection(SolutionProperties) = preSolution
		HideSolutionNode = FALSE
	EndGlobalSection
	GlobalSection(NestedProjects) = preSolution
		{30D000E3-8F15-4BD6-871B-28D5F76ACCED} = {B2C41458-2620-4AAF-B1F1-46B98F1006CF}
		{6F0FCC51-7C14-4EB6-9B3E-097058857469} = {C5655F6E-E810-499E-886A-C54278E3A605}
		{1EAD7805-5B2D-4C84-B0DF-8C4AB818804D} = {57E57667-5FBD-44ED-ACA4-740EF41857E6}
		{57E57667-5FBD-44ED-ACA4-740EF41857E6} = {B2C41458-2620-4AAF-B1F1-46B98F1006CF}
		{05EF672B-F199-445D-998F-FF5DFCDA13CF} = {57E57667-5FBD-44ED-ACA4-740EF41857E6}
		{A078F4DC-CD74-4F75-AE49-3273661B63B4} = {B2C41458-2620-4AAF-B1F1-46B98F1006CF}
		{7C89FAFD-68A9-4249-B187-C7EFF17AD050} = {75FB8D1E-8A87-49C6-82C8-32EC312D63F9}
		{44D20502-AC25-43BF-A1D4-4EBA230231BF} = {75FB8D1E-8A87-49C6-82C8-32EC312D63F9}
		{FD20CE87-F0F1-4B85-A16F-46B024BEE0A8} = {75FB8D1E-8A87-49C6-82C8-32EC312D63F9}
		{360E24B7-D0B0-4657-A9CB-99B89FD6EB05} = {75FB8D1E-8A87-49C6-82C8-32EC312D63F9}
		{BCDEE38D-7D14-4B14-A514-0F383A373BB6} = {75FB8D1E-8A87-49C6-82C8-32EC312D63F9}
		{789A5FB7-54CF-47E0-88CA-B5E6546A8737} = {75FB8D1E-8A87-49C6-82C8-32EC312D63F9}
		{51533E7D-4AC1-49BF-A6BE-B85662DCC642} = {8D80E78D-0DEF-412B-BDEF-87B313D8CE71}
		{A4345C4F-895B-4551-94F5-F094CE26A46D} = {51533E7D-4AC1-49BF-A6BE-B85662DCC642}
		{141C01BA-B041-49AB-A8EA-A03853E33593} = {51533E7D-4AC1-49BF-A6BE-B85662DCC642}
		{E2573BDE-881C-4CA5-8888-389D34E839F4} = {75FB8D1E-8A87-49C6-82C8-32EC312D63F9}
		{EFBB97C7-05FD-4BD1-A274-767B60D90B5C} = {C5655F6E-E810-499E-886A-C54278E3A605}
		{260BFE2E-4FE2-47B3-8C4C-D787D9037ACE} = {51533E7D-4AC1-49BF-A6BE-B85662DCC642}
		{078FD8B7-AE84-4EA6-963B-EC3DDBBD34BE} = {43855F18-3268-4308-BC5D-B9CDD5B07620}
		{E8064302-545C-4ADC-810B-7D2448B6A122} = {43855F18-3268-4308-BC5D-B9CDD5B07620}
		{E6E778B0-C176-44DA-8361-7D114C0DD103} = {43855F18-3268-4308-BC5D-B9CDD5B07620}
		{A42B3196-83AF-4ECB-A8D8-726352055762} = {75FB8D1E-8A87-49C6-82C8-32EC312D63F9}
		{77D01BDC-3C71-4263-9BF0-DD5E9C547C19} = {75FB8D1E-8A87-49C6-82C8-32EC312D63F9}
		{E972B666-F5E8-450D-A7CA-8AC7F4FD15A9} = {51533E7D-4AC1-49BF-A6BE-B85662DCC642}
		{25CD4F4C-9073-4897-BB00-ED2A3B07504C} = {408BBFD3-A38C-4436-AE7C-D6561BE89CD3}
		{75FB8D1E-8A87-49C6-82C8-32EC312D63F9} = {8D80E78D-0DEF-412B-BDEF-87B313D8CE71}
		{408BBFD3-A38C-4436-AE7C-D6561BE89CD3} = {8E917C26-8FAE-44E3-A300-31DBA2FC69C1}
		{557529CA-BB52-4F8A-87C4-3BFA221EA91D} = {408BBFD3-A38C-4436-AE7C-D6561BE89CD3}
		{B981426F-9733-47BC-ABCE-AE49C4DE08ED} = {8E917C26-8FAE-44E3-A300-31DBA2FC69C1}
		{8E917C26-8FAE-44E3-A300-31DBA2FC69C1} = {75FB8D1E-8A87-49C6-82C8-32EC312D63F9}
		{EEB76D2B-D93E-4F22-BF1B-E94BAD4009EF} = {8E917C26-8FAE-44E3-A300-31DBA2FC69C1}
		{A532D48A-1FE0-4365-9575-7465A5FAD5E0} = {C5655F6E-E810-499E-886A-C54278E3A605}
		{409ED078-0026-4103-B8E2-95FFC7C6FE3A} = {C6A01724-FC15-4F75-AA79-720862639033}
		{6A2804A7-7AA3-4D24-8A43-EDAA14A3B41A} = {C6A01724-FC15-4F75-AA79-720862639033}
		{67C6A09D-98B2-44B3-A5A0-861BA73F2383} = {C6A01724-FC15-4F75-AA79-720862639033}
		{BF5C76D4-56E5-4D24-BF38-4ED3B0DB98B2} = {C6A01724-FC15-4F75-AA79-720862639033}
		{D03C74BE-8434-49B9-9392-1FAA09E2CB7E} = {C6A01724-FC15-4F75-AA79-720862639033}
		{BF1395D1-1F18-41C9-87E6-E9F3FA32F994} = {C5655F6E-E810-499E-886A-C54278E3A605}
		{2D1A74BD-176E-4AC6-AAA7-2D837F506ED0} = {C6A01724-FC15-4F75-AA79-720862639033}
		{33249546-739C-4B0D-8965-5D08330C31B3} = {C6A01724-FC15-4F75-AA79-720862639033}
		{9883852A-FA34-46F5-9E44-1CFF9B347203} = {C6A01724-FC15-4F75-AA79-720862639033}
		{F74EC497-0DDF-4DE6-B29C-2C1F4CF738B5} = {34725EF1-B3B4-441C-BF83-91C53589E810}
		{34725EF1-B3B4-441C-BF83-91C53589E810} = {C6A01724-FC15-4F75-AA79-720862639033}
		{10384782-D6CC-4CEB-BC72-E89A3A834F15} = {34725EF1-B3B4-441C-BF83-91C53589E810}
		{F5922247-9431-4A8E-AB40-0EB770178795} = {43855F18-3268-4308-BC5D-B9CDD5B07620}
		{27D58D9C-D596-4766-9C99-C16B2F579DC0} = {43855F18-3268-4308-BC5D-B9CDD5B07620}
	EndGlobalSection
	GlobalSection(ExtensibilityGlobals) = postSolution
		SolutionGuid = {FCB02241-3F7B-4071-97CD-428BCE03E52B}
	EndGlobalSection
EndGlobal
