
Microsoft Visual Studio Solution File, Format Version 12.00
# Visual Studio 15
VisualStudioVersion = 15.0.27130.2036
MinimumVisualStudioVersion = 10.0.40219.1
Project("{FAE04EC0-301F-11D3-BF4B-00C04F79EFBC}") = "graph", "graph\graph.csproj", "{67D23DFB-EA74-4A81-B6E6-2439D9C07662}"
EndProject
Global
	GlobalSection(SolutionConfigurationPlatforms) = preSolution
		Debug|Any CPU = Debug|Any CPU
		Release|Any CPU = Release|Any CPU
	EndGlobalSection
	GlobalSection(ProjectConfigurationPlatforms) = postSolution
		{67D23DFB-EA74-4A81-B6E6-2439D9C07662}.Debug|Any CPU.ActiveCfg = Debug|Any CPU
		{67D23DFB-EA74-4A81-B6E6-2439D9C07662}.Debug|Any CPU.Build.0 = Debug|Any CPU
		{67D23DFB-EA74-4A81-B6E6-2439D9C07662}.Release|Any CPU.ActiveCfg = Release|Any CPU
		{67D23DFB-EA74-4A81-B6E6-2439D9C07662}.Release|Any CPU.Build.0 = Release|Any CPU
	EndGlobalSection
	GlobalSection(SolutionProperties) = preSolution
		HideSolutionNode = FALSE
	EndGlobalSection
	GlobalSection(ExtensibilityGlobals) = postSolution
		SolutionGuid = {3577CB54-3C97-407C-83E5-47CC3AA29357}
	EndGlobalSection
EndGlobal
