
Microsoft Visual Studio Solution File, Format Version 12.00
# Visual Studio 15
VisualStudioVersion = 15.0.27130.2036
MinimumVisualStudioVersion = 10.0.40219.1
Project("{FAE04EC0-301F-11D3-BF4B-00C04F79EFBC}") = "Dbfirst", "Dbfirst\Dbfirst.csproj", "{EC6B7FE5-96B7-4FF2-BFA2-2B1947CF13A1}"
EndProject
Global
	GlobalSection(SolutionConfigurationPlatforms) = preSolution
		Debug|Any CPU = Debug|Any CPU
		Release|Any CPU = Release|Any CPU
	EndGlobalSection
	GlobalSection(ProjectConfigurationPlatforms) = postSolution
		{EC6B7FE5-96B7-4FF2-BFA2-2B1947CF13A1}.Debug|Any CPU.ActiveCfg = Debug|Any CPU
		{EC6B7FE5-96B7-4FF2-BFA2-2B1947CF13A1}.Debug|Any CPU.Build.0 = Debug|Any CPU
		{EC6B7FE5-96B7-4FF2-BFA2-2B1947CF13A1}.Release|Any CPU.ActiveCfg = Release|Any CPU
		{EC6B7FE5-96B7-4FF2-BFA2-2B1947CF13A1}.Release|Any CPU.Build.0 = Release|Any CPU
	EndGlobalSection
	GlobalSection(SolutionProperties) = preSolution
		HideSolutionNode = FALSE
	EndGlobalSection
	GlobalSection(ExtensibilityGlobals) = postSolution
		SolutionGuid = {5B694076-C7BB-430F-8485-4D481DC36464}
	EndGlobalSection
EndGlobal
